{
  "name": "swaad-setu-MultiTenant",
  "lockfileVersion": 3,
  "requires": true,
  "packages": {
    "": {
      "dependencies": {
        "moment": "^2.30.1"
      },
      "devDependencies": {
        "@types/react-icons": "^3.0.0"
      }
    },
    "node_modules/@types/react-icons": {
      "version": "3.0.0",
      "resolved": "https://registry.npmjs.org/@types/react-icons/-/react-icons-3.0.0.tgz",
      "integrity": "sha512-Vefs6LkLqF61vfV7AiAqls+vpR94q67gunhMueDznG+msAkrYgRxl7gYjNem/kZ+as2l2mNChmF1jRZzzQQtMg==",
      "deprecated": "This is a stub types definition. react-icons provides its own type definitions, so you do not need this installed.",
      "dev": true,
      "dependencies": {
        "react-icons": "*"
      }
    },
    "node_modules/moment": {
      "version": "2.30.1",
      "resolved": "https://registry.npmjs.org/moment/-/moment-2.30.1.tgz",
      "integrity": "sha512-uEmtNhbDOrWPFS+hdjFCBfy9f2YoyzRpwcl+DqpC6taX21FzsTLQVbMV/W7PzNSX6x/bhC1zA3c2UQ5NzH6how==",
      "engines": {
        "node": "*"
      }
    },
    "node_modules/react": {
      "version": "19.2.3",
      "resolved": "https://registry.npmjs.org/react/-/react-19.2.3.tgz",
      "integrity": "sha512-Ku/hhYbVjOQnXDZFv2+RibmLFGwFdeeKHFcOTlrt7xplBnya5OGn/hIRDsqDiSUcfORsDC7MPxwork8jBwsIWA==",
      "dev": true,
      "peer": true,
      "engines": {
        "node": ">=0.10.0"
      }
    },
    "node_modules/react-icons": {
      "version": "5.5.0",
      "resolved": "https://registry.npmjs.org/react-icons/-/react-icons-5.5.0.tgz",
      "integrity": "sha512-MEFcXdkP3dLo8uumGI5xN3lDFNsRtrjbOEKDLD7yv76v4wpnEq2Lt2qeHaQOr34I/wPN3s3+N08WkQ+CW37Xiw==",
      "dev": true,
      "peerDependencies": {
        "react": "*"
      }
    }
  }
}
